// !$*UTF8*$!
{
	archiveVersion = 1;
	classes = {
	};
	objectVersion = 56;
	objects = {

/* Begin PBXBuildFile section */
		EC077ED32B14B5850091F110 /* Color.swift in Sources */ = {isa = PBXBuildFile; fileRef = EC077ED22B14B5850091F110 /* Color.swift */; };
		EC0ADB522AF02D1500FE15D5 /* Pushly_AppApp.swift in Sources */ = {isa = PBXBuildFile; fileRef = EC0ADB512AF02D1500FE15D5 /* Pushly_AppApp.swift */; };
		EC0ADB542AF02D1500FE15D5 /* SetUpView.swift in Sources */ = {isa = PBXBuildFile; fileRef = EC0ADB532AF02D1500FE15D5 /* SetUpView.swift */; };
		EC0ADB562AF02D1700FE15D5 /* Assets.xcassets in Resources */ = {isa = PBXBuildFile; fileRef = EC0ADB552AF02D1700FE15D5 /* Assets.xcassets */; };
		EC0ADB592AF02D1700FE15D5 /* Preview Assets.xcassets in Resources */ = {isa = PBXBuildFile; fileRef = EC0ADB582AF02D1700FE15D5 /* Preview Assets.xcassets */; };
		EC0ADB632AF02D1700FE15D5 /* Pushly_AppTests.swift in Sources */ = {isa = PBXBuildFile; fileRef = EC0ADB622AF02D1700FE15D5 /* Pushly_AppTests.swift */; };
		EC0ADB6D2AF02D1700FE15D5 /* Pushly_AppUITests.swift in Sources */ = {isa = PBXBuildFile; fileRef = EC0ADB6C2AF02D1700FE15D5 /* Pushly_AppUITests.swift */; };
		EC0ADB6F2AF02D1700FE15D5 /* Pushly_AppUITestsLaunchTests.swift in Sources */ = {isa = PBXBuildFile; fileRef = EC0ADB6E2AF02D1700FE15D5 /* Pushly_AppUITestsLaunchTests.swift */; };
		EC0ADB7C2AF02F3900FE15D5 /* Config.swift in Sources */ = {isa = PBXBuildFile; fileRef = EC0ADB7B2AF02F3900FE15D5 /* Config.swift */; };
		EC0ADB7E2AF04E4600FE15D5 /* StartedView.swift in Sources */ = {isa = PBXBuildFile; fileRef = EC0ADB7D2AF04E4600FE15D5 /* StartedView.swift */; };
		EC2C4E952B0B7DB60095132F /* DayState.swift in Sources */ = {isa = PBXBuildFile; fileRef = EC2C4E942B0B7DB60095132F /* DayState.swift */; };
		EC3212EA2AF0F95D0052D6FB /* onFirstAppear.swift in Sources */ = {isa = PBXBuildFile; fileRef = EC3212E92AF0F95D0052D6FB /* onFirstAppear.swift */; };
		EC3212EC2AF102620052D6FB /* ToolBar.swift in Sources */ = {isa = PBXBuildFile; fileRef = EC3212EB2AF102620052D6FB /* ToolBar.swift */; };
		EC3212EE2AF104D20052D6FB /* CalendarView.swift in Sources */ = {isa = PBXBuildFile; fileRef = EC3212ED2AF104D20052D6FB /* CalendarView.swift */; };
		EC3212F02AF105B40052D6FB /* SettingsView.swift in Sources */ = {isa = PBXBuildFile; fileRef = EC3212EF2AF105B40052D6FB /* SettingsView.swift */; };
		EC3212F22AF23CA80052D6FB /* CalendarDayView.swift in Sources */ = {isa = PBXBuildFile; fileRef = EC3212F12AF23CA80052D6FB /* CalendarDayView.swift */; };
		EC63C8372B28666E00E14116 /* Day.swift in Sources */ = {isa = PBXBuildFile; fileRef = EC63C8362B28666E00E14116 /* Day.swift */; };
		EC63C8392B28ECB500E14116 /* DayData.swift in Sources */ = {isa = PBXBuildFile; fileRef = EC63C8382B28ECB500E14116 /* DayData.swift */; };
		EC8A7FBC2B0F3D93004B870A /* CalendarViewModel.swift in Sources */ = {isa = PBXBuildFile; fileRef = EC8A7FBB2B0F3D93004B870A /* CalendarViewModel.swift */; };
		ECB23EAC2B25F59900686DA7 /* UserDefaultsView.swift in Sources */ = {isa = PBXBuildFile; fileRef = ECB23EAB2B25F59900686DA7 /* UserDefaultsView.swift */; };
/* End PBXBuildFile section */

/* Begin PBXContainerItemProxy section */
		EC0ADB5F2AF02D1700FE15D5 /* PBXContainerItemProxy */ = {
			isa = PBXContainerItemProxy;
			containerPortal = EC0ADB462AF02D1500FE15D5 /* Project object */;
			proxyType = 1;
			remoteGlobalIDString = EC0ADB4D2AF02D1500FE15D5;
			remoteInfo = "Pushly App";
		};
		EC0ADB692AF02D1700FE15D5 /* PBXContainerItemProxy */ = {
			isa = PBXContainerItemProxy;
			containerPortal = EC0ADB462AF02D1500FE15D5 /* Project object */;
			proxyType = 1;
			remoteGlobalIDString = EC0ADB4D2AF02D1500FE15D5;
			remoteInfo = "Pushly App";
		};
/* End PBXContainerItemProxy section */

/* Begin PBXFileReference section */
		EC077ED22B14B5850091F110 /* Color.swift */ = {isa = PBXFileReference; lastKnownFileType = sourcecode.swift; path = Color.swift; sourceTree = "<group>"; };
		EC0ADB4E2AF02D1500FE15D5 /* Pushly App.app */ = {isa = PBXFileReference; explicitFileType = wrapper.application; includeInIndex = 0; path = "Pushly App.app"; sourceTree = BUILT_PRODUCTS_DIR; };
		EC0ADB512AF02D1500FE15D5 /* Pushly_AppApp.swift */ = {isa = PBXFileReference; lastKnownFileType = sourcecode.swift; path = Pushly_AppApp.swift; sourceTree = "<group>"; };
		EC0ADB532AF02D1500FE15D5 /* SetUpView.swift */ = {isa = PBXFileReference; lastKnownFileType = sourcecode.swift; path = SetUpView.swift; sourceTree = "<group>"; };
		EC0ADB552AF02D1700FE15D5 /* Assets.xcassets */ = {isa = PBXFileReference; lastKnownFileType = folder.assetcatalog; path = Assets.xcassets; sourceTree = "<group>"; };
		EC0ADB582AF02D1700FE15D5 /* Preview Assets.xcassets */ = {isa = PBXFileReference; lastKnownFileType = folder.assetcatalog; path = "Preview Assets.xcassets"; sourceTree = "<group>"; };
		EC0ADB5E2AF02D1700FE15D5 /* Pushly AppTests.xctest */ = {isa = PBXFileReference; explicitFileType = wrapper.cfbundle; includeInIndex = 0; path = "Pushly AppTests.xctest"; sourceTree = BUILT_PRODUCTS_DIR; };
		EC0ADB622AF02D1700FE15D5 /* Pushly_AppTests.swift */ = {isa = PBXFileReference; lastKnownFileType = sourcecode.swift; path = Pushly_AppTests.swift; sourceTree = "<group>"; };
		EC0ADB682AF02D1700FE15D5 /* Pushly AppUITests.xctest */ = {isa = PBXFileReference; explicitFileType = wrapper.cfbundle; includeInIndex = 0; path = "Pushly AppUITests.xctest"; sourceTree = BUILT_PRODUCTS_DIR; };
		EC0ADB6C2AF02D1700FE15D5 /* Pushly_AppUITests.swift */ = {isa = PBXFileReference; lastKnownFileType = sourcecode.swift; path = Pushly_AppUITests.swift; sourceTree = "<group>"; };
		EC0ADB6E2AF02D1700FE15D5 /* Pushly_AppUITestsLaunchTests.swift */ = {isa = PBXFileReference; lastKnownFileType = sourcecode.swift; path = Pushly_AppUITestsLaunchTests.swift; sourceTree = "<group>"; };
		EC0ADB7B2AF02F3900FE15D5 /* Config.swift */ = {isa = PBXFileReference; lastKnownFileType = sourcecode.swift; path = Config.swift; sourceTree = "<group>"; };
		EC0ADB7D2AF04E4600FE15D5 /* StartedView.swift */ = {isa = PBXFileReference; lastKnownFileType = sourcecode.swift; path = StartedView.swift; sourceTree = "<group>"; };
		EC2C4E942B0B7DB60095132F /* DayState.swift */ = {isa = PBXFileReference; lastKnownFileType = sourcecode.swift; path = DayState.swift; sourceTree = "<group>"; };
		EC3212E92AF0F95D0052D6FB /* onFirstAppear.swift */ = {isa = PBXFileReference; lastKnownFileType = sourcecode.swift; path = onFirstAppear.swift; sourceTree = "<group>"; };
		EC3212EB2AF102620052D6FB /* ToolBar.swift */ = {isa = PBXFileReference; lastKnownFileType = sourcecode.swift; path = ToolBar.swift; sourceTree = "<group>"; };
		EC3212ED2AF104D20052D6FB /* CalendarView.swift */ = {isa = PBXFileReference; lastKnownFileType = sourcecode.swift; path = CalendarView.swift; sourceTree = "<group>"; };
		EC3212EF2AF105B40052D6FB /* SettingsView.swift */ = {isa = PBXFileReference; lastKnownFileType = sourcecode.swift; path = SettingsView.swift; sourceTree = "<group>"; };
		EC3212F12AF23CA80052D6FB /* CalendarDayView.swift */ = {isa = PBXFileReference; lastKnownFileType = sourcecode.swift; path = CalendarDayView.swift; sourceTree = "<group>"; };
		EC63C8362B28666E00E14116 /* Day.swift */ = {isa = PBXFileReference; lastKnownFileType = sourcecode.swift; path = Day.swift; sourceTree = "<group>"; };
		EC63C8382B28ECB500E14116 /* DayData.swift */ = {isa = PBXFileReference; lastKnownFileType = sourcecode.swift; path = DayData.swift; sourceTree = "<group>"; };
		EC8A7FBB2B0F3D93004B870A /* CalendarViewModel.swift */ = {isa = PBXFileReference; lastKnownFileType = sourcecode.swift; path = CalendarViewModel.swift; sourceTree = "<group>"; };
		ECB23EAB2B25F59900686DA7 /* UserDefaultsView.swift */ = {isa = PBXFileReference; lastKnownFileType = sourcecode.swift; path = UserDefaultsView.swift; sourceTree = "<group>"; };
/* End PBXFileReference section */

/* Begin PBXFrameworksBuildPhase section */
		EC0ADB4B2AF02D1500FE15D5 /* Frameworks */ = {
			isa = PBXFrameworksBuildPhase;
			buildActionMask = 2147483647;
			files = (
			);
			runOnlyForDeploymentPostprocessing = 0;
		};
		EC0ADB5B2AF02D1700FE15D5 /* Frameworks */ = {
			isa = PBXFrameworksBuildPhase;
			buildActionMask = 2147483647;
			files = (
			);
			runOnlyForDeploymentPostprocessing = 0;
		};
		EC0ADB652AF02D1700FE15D5 /* Frameworks */ = {
			isa = PBXFrameworksBuildPhase;
			buildActionMask = 2147483647;
			files = (
			);
			runOnlyForDeploymentPostprocessing = 0;
		};
/* End PBXFrameworksBuildPhase section */

/* Begin PBXGroup section */
		EC0ADB452AF02D1500FE15D5 = {
			isa = PBXGroup;
			children = (
				EC0ADB502AF02D1500FE15D5 /* Pushly App */,
				EC0ADB612AF02D1700FE15D5 /* Pushly AppTests */,
				EC0ADB6B2AF02D1700FE15D5 /* Pushly AppUITests */,
				EC0ADB4F2AF02D1500FE15D5 /* Products */,
			);
			sourceTree = "<group>";
		};
		EC0ADB4F2AF02D1500FE15D5 /* Products */ = {
			isa = PBXGroup;
			children = (
				EC0ADB4E2AF02D1500FE15D5 /* Pushly App.app */,
				EC0ADB5E2AF02D1700FE15D5 /* Pushly AppTests.xctest */,
				EC0ADB682AF02D1700FE15D5 /* Pushly AppUITests.xctest */,
			);
			name = Products;
			sourceTree = "<group>";
		};
		EC0ADB502AF02D1500FE15D5 /* Pushly App */ = {
			isa = PBXGroup;
			children = (
				EC0ADB512AF02D1500FE15D5 /* Pushly_AppApp.swift */,
				EC0ADB7B2AF02F3900FE15D5 /* Config.swift */,
				EC0ADB532AF02D1500FE15D5 /* SetUpView.swift */,
				EC0ADB7D2AF04E4600FE15D5 /* StartedView.swift */,
				EC3212EB2AF102620052D6FB /* ToolBar.swift */,
				EC63C8332B2864C600E14116 /* Settings */,
				EC63C8342B2864E000E14116 /* Calendar */,
				EC63C8352B28654000E14116 /* Extensions */,
				EC0ADB572AF02D1700FE15D5 /* Preview Content */,
			);
			path = "Pushly App";
			sourceTree = "<group>";
		};
		EC0ADB572AF02D1700FE15D5 /* Preview Content */ = {
			isa = PBXGroup;
			children = (
				EC0ADB552AF02D1700FE15D5 /* Assets.xcassets */,
				EC0ADB582AF02D1700FE15D5 /* Preview Assets.xcassets */,
			);
			path = "Preview Content";
			sourceTree = "<group>";
		};
		EC0ADB612AF02D1700FE15D5 /* Pushly AppTests */ = {
			isa = PBXGroup;
			children = (
				EC0ADB622AF02D1700FE15D5 /* Pushly_AppTests.swift */,
			);
			path = "Pushly AppTests";
			sourceTree = "<group>";
		};
		EC0ADB6B2AF02D1700FE15D5 /* Pushly AppUITests */ = {
			isa = PBXGroup;
			children = (
				EC0ADB6C2AF02D1700FE15D5 /* Pushly_AppUITests.swift */,
				EC0ADB6E2AF02D1700FE15D5 /* Pushly_AppUITestsLaunchTests.swift */,
			);
			path = "Pushly AppUITests";
			sourceTree = "<group>";
		};
		EC63C8332B2864C600E14116 /* Settings */ = {
			isa = PBXGroup;
			children = (
				EC3212EF2AF105B40052D6FB /* SettingsView.swift */,
				ECB23EAB2B25F59900686DA7 /* UserDefaultsView.swift */,
			);
			path = Settings;
			sourceTree = "<group>";
		};
		EC63C8342B2864E000E14116 /* Calendar */ = {
			isa = PBXGroup;
			children = (
				EC3212ED2AF104D20052D6FB /* CalendarView.swift */,
				EC3212F12AF23CA80052D6FB /* CalendarDayView.swift */,
				EC8A7FBB2B0F3D93004B870A /* CalendarViewModel.swift */,
				EC2C4E942B0B7DB60095132F /* DayState.swift */,
				EC63C8362B28666E00E14116 /* Day.swift */,
				EC63C8382B28ECB500E14116 /* DayData.swift */,
			);
			path = Calendar;
			sourceTree = "<group>";
		};
		EC63C8352B28654000E14116 /* Extensions */ = {
			isa = PBXGroup;
			children = (
				EC3212E92AF0F95D0052D6FB /* onFirstAppear.swift */,
				EC077ED22B14B5850091F110 /* Color.swift */,
			);
			path = Extensions;
			sourceTree = "<group>";
		};
/* End PBXGroup section */

/* Begin PBXNativeTarget section */
		EC0ADB4D2AF02D1500FE15D5 /* Pushly App */ = {
			isa = PBXNativeTarget;
			buildConfigurationList = EC0ADB722AF02D1700FE15D5 /* Build configuration list for PBXNativeTarget "Pushly App" */;
			buildPhases = (
				EC0ADB4A2AF02D1500FE15D5 /* Sources */,
				EC0ADB4B2AF02D1500FE15D5 /* Frameworks */,
				EC0ADB4C2AF02D1500FE15D5 /* Resources */,
			);
			buildRules = (
			);
			dependencies = (
			);
			name = "Pushly App";
			productName = "Pushly App";
			productReference = EC0ADB4E2AF02D1500FE15D5 /* Pushly App.app */;
			productType = "com.apple.product-type.application";
		};
		EC0ADB5D2AF02D1700FE15D5 /* Pushly AppTests */ = {
			isa = PBXNativeTarget;
			buildConfigurationList = EC0ADB752AF02D1700FE15D5 /* Build configuration list for PBXNativeTarget "Pushly AppTests" */;
			buildPhases = (
				EC0ADB5A2AF02D1700FE15D5 /* Sources */,
				EC0ADB5B2AF02D1700FE15D5 /* Frameworks */,
				EC0ADB5C2AF02D1700FE15D5 /* Resources */,
			);
			buildRules = (
			);
			dependencies = (
				EC0ADB602AF02D1700FE15D5 /* PBXTargetDependency */,
			);
			name = "Pushly AppTests";
			productName = "Pushly AppTests";
			productReference = EC0ADB5E2AF02D1700FE15D5 /* Pushly AppTests.xctest */;
			productType = "com.apple.product-type.bundle.unit-test";
		};
		EC0ADB672AF02D1700FE15D5 /* Pushly AppUITests */ = {
			isa = PBXNativeTarget;
			buildConfigurationList = EC0ADB782AF02D1700FE15D5 /* Build configuration list for PBXNativeTarget "Pushly AppUITests" */;
			buildPhases = (
				EC0ADB642AF02D1700FE15D5 /* Sources */,
				EC0ADB652AF02D1700FE15D5 /* Frameworks */,
				EC0ADB662AF02D1700FE15D5 /* Resources */,
			);
			buildRules = (
			);
			dependencies = (
				EC0ADB6A2AF02D1700FE15D5 /* PBXTargetDependency */,
			);
			name = "Pushly AppUITests";
			productName = "Pushly AppUITests";
			productReference = EC0ADB682AF02D1700FE15D5 /* Pushly AppUITests.xctest */;
			productType = "com.apple.product-type.bundle.ui-testing";
		};
/* End PBXNativeTarget section */

/* Begin PBXProject section */
		EC0ADB462AF02D1500FE15D5 /* Project object */ = {
			isa = PBXProject;
			attributes = {
				BuildIndependentTargetsInParallel = 1;
				LastSwiftUpdateCheck = 1500;
				LastUpgradeCheck = 1500;
				TargetAttributes = {
					EC0ADB4D2AF02D1500FE15D5 = {
						CreatedOnToolsVersion = 15.0.1;
					};
					EC0ADB5D2AF02D1700FE15D5 = {
						CreatedOnToolsVersion = 15.0.1;
						TestTargetID = EC0ADB4D2AF02D1500FE15D5;
					};
					EC0ADB672AF02D1700FE15D5 = {
						CreatedOnToolsVersion = 15.0.1;
						TestTargetID = EC0ADB4D2AF02D1500FE15D5;
					};
				};
			};
			buildConfigurationList = EC0ADB492AF02D1500FE15D5 /* Build configuration list for PBXProject "Pushly App" */;
			compatibilityVersion = "Xcode 14.0";
			developmentRegion = en;
			hasScannedForEncodings = 0;
			knownRegions = (
				en,
				Base,
			);
			mainGroup = EC0ADB452AF02D1500FE15D5;
			productRefGroup = EC0ADB4F2AF02D1500FE15D5 /* Products */;
			projectDirPath = "";
			projectRoot = "";
			targets = (
				EC0ADB4D2AF02D1500FE15D5 /* Pushly App */,
				EC0ADB5D2AF02D1700FE15D5 /* Pushly AppTests */,
				EC0ADB672AF02D1700FE15D5 /* Pushly AppUITests */,
			);
		};
/* End PBXProject section */

/* Begin PBXResourcesBuildPhase section */
		EC0ADB4C2AF02D1500FE15D5 /* Resources */ = {
			isa = PBXResourcesBuildPhase;
			buildActionMask = 2147483647;
			files = (
				EC0ADB592AF02D1700FE15D5 /* Preview Assets.xcassets in Resources */,
				EC0ADB562AF02D1700FE15D5 /* Assets.xcassets in Resources */,
			);
			runOnlyForDeploymentPostprocessing = 0;
		};
		EC0ADB5C2AF02D1700FE15D5 /* Resources */ = {
			isa = PBXResourcesBuildPhase;
			buildActionMask = 2147483647;
			files = (
			);
			runOnlyForDeploymentPostprocessing = 0;
		};
		EC0ADB662AF02D1700FE15D5 /* Resources */ = {
			isa = PBXResourcesBuildPhase;
			buildActionMask = 2147483647;
			files = (
			);
			runOnlyForDeploymentPostprocessing = 0;
		};
/* End PBXResourcesBuildPhase section */

/* Begin PBXSourcesBuildPhase section */
		EC0ADB4A2AF02D1500FE15D5 /* Sources */ = {
			isa = PBXSourcesBuildPhase;
			buildActionMask = 2147483647;
			files = (
				EC63C8372B28666E00E14116 /* Day.swift in Sources */,
				EC0ADB542AF02D1500FE15D5 /* SetUpView.swift in Sources */,
				EC3212F02AF105B40052D6FB /* SettingsView.swift in Sources */,
				EC3212EE2AF104D20052D6FB /* CalendarView.swift in Sources */,
				EC3212EC2AF102620052D6FB /* ToolBar.swift in Sources */,
				ECB23EAC2B25F59900686DA7 /* UserDefaultsView.swift in Sources */,
				EC63C8392B28ECB500E14116 /* DayData.swift in Sources */,
				EC0ADB522AF02D1500FE15D5 /* Pushly_AppApp.swift in Sources */,
				EC0ADB7E2AF04E4600FE15D5 /* StartedView.swift in Sources */,
				EC3212F22AF23CA80052D6FB /* CalendarDayView.swift in Sources */,
				EC3212EA2AF0F95D0052D6FB /* onFirstAppear.swift in Sources */,
				EC2C4E952B0B7DB60095132F /* DayState.swift in Sources */,
				EC077ED32B14B5850091F110 /* Color.swift in Sources */,
				EC8A7FBC2B0F3D93004B870A /* CalendarViewModel.swift in Sources */,
				EC0ADB7C2AF02F3900FE15D5 /* Config.swift in Sources */,
			);
			runOnlyForDeploymentPostprocessing = 0;
		};
		EC0ADB5A2AF02D1700FE15D5 /* Sources */ = {
			isa = PBXSourcesBuildPhase;
			buildActionMask = 2147483647;
			files = (
				EC0ADB632AF02D1700FE15D5 /* Pushly_AppTests.swift in Sources */,
			);
			runOnlyForDeploymentPostprocessing = 0;
		};
		EC0ADB642AF02D1700FE15D5 /* Sources */ = {
			isa = PBXSourcesBuildPhase;
			buildActionMask = 2147483647;
			files = (
				EC0ADB6D2AF02D1700FE15D5 /* Pushly_AppUITests.swift in Sources */,
				EC0ADB6F2AF02D1700FE15D5 /* Pushly_AppUITestsLaunchTests.swift in Sources */,
			);
			runOnlyForDeploymentPostprocessing = 0;
		};
/* End PBXSourcesBuildPhase section */

/* Begin PBXTargetDependency section */
		EC0ADB602AF02D1700FE15D5 /* PBXTargetDependency */ = {
			isa = PBXTargetDependency;
			target = EC0ADB4D2AF02D1500FE15D5 /* Pushly App */;
			targetProxy = EC0ADB5F2AF02D1700FE15D5 /* PBXContainerItemProxy */;
		};
		EC0ADB6A2AF02D1700FE15D5 /* PBXTargetDependency */ = {
			isa = PBXTargetDependency;
			target = EC0ADB4D2AF02D1500FE15D5 /* Pushly App */;
			targetProxy = EC0ADB692AF02D1700FE15D5 /* PBXContainerItemProxy */;
		};
/* End PBXTargetDependency section */

/* Begin XCBuildConfiguration section */
		EC0ADB702AF02D1700FE15D5 /* Debug */ = {
			isa = XCBuildConfiguration;
			buildSettings = {
				ALWAYS_SEARCH_USER_PATHS = NO;
				ASSETCATALOG_COMPILER_GENERATE_SWIFT_ASSET_SYMBOL_EXTENSIONS = YES;
				CLANG_ANALYZER_NONNULL = YES;
				CLANG_ANALYZER_NUMBER_OBJECT_CONVERSION = YES_AGGRESSIVE;
				CLANG_CXX_LANGUAGE_STANDARD = "gnu++20";
				CLANG_ENABLE_MODULES = YES;
				CLANG_ENABLE_OBJC_ARC = YES;
				CLANG_ENABLE_OBJC_WEAK = YES;
				CLANG_WARN_BLOCK_CAPTURE_AUTORELEASING = YES;
				CLANG_WARN_BOOL_CONVERSION = YES;
				CLANG_WARN_COMMA = YES;
				CLANG_WARN_CONSTANT_CONVERSION = YES;
				CLANG_WARN_DEPRECATED_OBJC_IMPLEMENTATIONS = YES;
				CLANG_WARN_DIRECT_OBJC_ISA_USAGE = YES_ERROR;
				CLANG_WARN_DOCUMENTATION_COMMENTS = YES;
				CLANG_WARN_EMPTY_BODY = YES;
				CLANG_WARN_ENUM_CONVERSION = YES;
				CLANG_WARN_INFINITE_RECURSION = YES;
				CLANG_WARN_INT_CONVERSION = YES;
				CLANG_WARN_NON_LITERAL_NULL_CONVERSION = YES;
				CLANG_WARN_OBJC_IMPLICIT_RETAIN_SELF = YES;
				CLANG_WARN_OBJC_LITERAL_CONVERSION = YES;
				CLANG_WARN_OBJC_ROOT_CLASS = YES_ERROR;
				CLANG_WARN_QUOTED_INCLUDE_IN_FRAMEWORK_HEADER = YES;
				CLANG_WARN_RANGE_LOOP_ANALYSIS = YES;
				CLANG_WARN_STRICT_PROTOTYPES = YES;
				CLANG_WARN_SUSPICIOUS_MOVE = YES;
				CLANG_WARN_UNGUARDED_AVAILABILITY = YES_AGGRESSIVE;
				CLANG_WARN_UNREACHABLE_CODE = YES;
				CLANG_WARN__DUPLICATE_METHOD_MATCH = YES;
				COPY_PHASE_STRIP = NO;
				DEBUG_INFORMATION_FORMAT = dwarf;
				ENABLE_STRICT_OBJC_MSGSEND = YES;
				ENABLE_TESTABILITY = YES;
				ENABLE_USER_SCRIPT_SANDBOXING = YES;
				GCC_C_LANGUAGE_STANDARD = gnu17;
				GCC_DYNAMIC_NO_PIC = NO;
				GCC_NO_COMMON_BLOCKS = YES;
				GCC_OPTIMIZATION_LEVEL = 0;
				GCC_PREPROCESSOR_DEFINITIONS = (
					"DEBUG=1",
					"$(inherited)",
				);
				GCC_WARN_64_TO_32_BIT_CONVERSION = YES;
				GCC_WARN_ABOUT_RETURN_TYPE = YES_ERROR;
				GCC_WARN_UNDECLARED_SELECTOR = YES;
				GCC_WARN_UNINITIALIZED_AUTOS = YES_AGGRESSIVE;
				GCC_WARN_UNUSED_FUNCTION = YES;
				GCC_WARN_UNUSED_VARIABLE = YES;
				IPHONEOS_DEPLOYMENT_TARGET = 17.0;
				LOCALIZATION_PREFERS_STRING_CATALOGS = YES;
				MTL_ENABLE_DEBUG_INFO = INCLUDE_SOURCE;
				MTL_FAST_MATH = YES;
				ONLY_ACTIVE_ARCH = YES;
				SDKROOT = iphoneos;
				SWIFT_ACTIVE_COMPILATION_CONDITIONS = "DEBUG $(inherited)";
				SWIFT_OPTIMIZATION_LEVEL = "-Onone";
			};
			name = Debug;
		};
		EC0ADB712AF02D1700FE15D5 /* Release */ = {
			isa = XCBuildConfiguration;
			buildSettings = {
				ALWAYS_SEARCH_USER_PATHS = NO;
				ASSETCATALOG_COMPILER_GENERATE_SWIFT_ASSET_SYMBOL_EXTENSIONS = YES;
				CLANG_ANALYZER_NONNULL = YES;
				CLANG_ANALYZER_NUMBER_OBJECT_CONVERSION = YES_AGGRESSIVE;
				CLANG_CXX_LANGUAGE_STANDARD = "gnu++20";
				CLANG_ENABLE_MODULES = YES;
				CLANG_ENABLE_OBJC_ARC = YES;
				CLANG_ENABLE_OBJC_WEAK = YES;
				CLANG_WARN_BLOCK_CAPTURE_AUTORELEASING = YES;
				CLANG_WARN_BOOL_CONVERSION = YES;
				CLANG_WARN_COMMA = YES;
				CLANG_WARN_CONSTANT_CONVERSION = YES;
				CLANG_WARN_DEPRECATED_OBJC_IMPLEMENTATIONS = YES;
				CLANG_WARN_DIRECT_OBJC_ISA_USAGE = YES_ERROR;
				CLANG_WARN_DOCUMENTATION_COMMENTS = YES;
				CLANG_WARN_EMPTY_BODY = YES;
				CLANG_WARN_ENUM_CONVERSION = YES;
				CLANG_WARN_INFINITE_RECURSION = YES;
				CLANG_WARN_INT_CONVERSION = YES;
				CLANG_WARN_NON_LITERAL_NULL_CONVERSION = YES;
				CLANG_WARN_OBJC_IMPLICIT_RETAIN_SELF = YES;
				CLANG_WARN_OBJC_LITERAL_CONVERSION = YES;
				CLANG_WARN_OBJC_ROOT_CLASS = YES_ERROR;
				CLANG_WARN_QUOTED_INCLUDE_IN_FRAMEWORK_HEADER = YES;
				CLANG_WARN_RANGE_LOOP_ANALYSIS = YES;
				CLANG_WARN_STRICT_PROTOTYPES = YES;
				CLANG_WARN_SUSPICIOUS_MOVE = YES;
				CLANG_WARN_UNGUARDED_AVAILABILITY = YES_AGGRESSIVE;
				CLANG_WARN_UNREACHABLE_CODE = YES;
				CLANG_WARN__DUPLICATE_METHOD_MATCH = YES;
				COPY_PHASE_STRIP = NO;
				DEBUG_INFORMATION_FORMAT = "dwarf-with-dsym";
				ENABLE_NS_ASSERTIONS = NO;
				ENABLE_STRICT_OBJC_MSGSEND = YES;
				ENABLE_USER_SCRIPT_SANDBOXING = YES;
				GCC_C_LANGUAGE_STANDARD = gnu17;
				GCC_NO_COMMON_BLOCKS = YES;
				GCC_WARN_64_TO_32_BIT_CONVERSION = YES;
				GCC_WARN_ABOUT_RETURN_TYPE = YES_ERROR;
				GCC_WARN_UNDECLARED_SELECTOR = YES;
				GCC_WARN_UNINITIALIZED_AUTOS = YES_AGGRESSIVE;
				GCC_WARN_UNUSED_FUNCTION = YES;
				GCC_WARN_UNUSED_VARIABLE = YES;
				IPHONEOS_DEPLOYMENT_TARGET = 17.0;
				LOCALIZATION_PREFERS_STRING_CATALOGS = YES;
				MTL_ENABLE_DEBUG_INFO = NO;
				MTL_FAST_MATH = YES;
				SDKROOT = iphoneos;
				SWIFT_COMPILATION_MODE = wholemodule;
				VALIDATE_PRODUCT = YES;
			};
			name = Release;
		};
		EC0ADB732AF02D1700FE15D5 /* Debug */ = {
			isa = XCBuildConfiguration;
			buildSettings = {
				ASSETCATALOG_COMPILER_APPICON_NAME = AppIcon;
				ASSETCATALOG_COMPILER_GLOBAL_ACCENT_COLOR_NAME = AccentColor;
				CODE_SIGN_STYLE = Automatic;
				CURRENT_PROJECT_VERSION = 2;
				DEVELOPMENT_ASSET_PATHS = "\"Pushly App/Preview Content\"";
				DEVELOPMENT_TEAM = PH3V9JYRDW;
				ENABLE_PREVIEWS = YES;
				GENERATE_INFOPLIST_FILE = YES;
				INFOPLIST_KEY_UIApplicationSceneManifest_Generation = YES;
				INFOPLIST_KEY_UIApplicationSupportsIndirectInputEvents = YES;
				INFOPLIST_KEY_UILaunchScreen_Generation = YES;
				INFOPLIST_KEY_UISupportedInterfaceOrientations_iPad = "UIInterfaceOrientationPortrait UIInterfaceOrientationPortraitUpsideDown UIInterfaceOrientationLandscapeLeft UIInterfaceOrientationLandscapeRight";
				INFOPLIST_KEY_UISupportedInterfaceOrientations_iPhone = "UIInterfaceOrientationPortrait UIInterfaceOrientationLandscapeLeft UIInterfaceOrientationLandscapeRight";
				LD_RUNPATH_SEARCH_PATHS = (
					"$(inherited)",
					"@executable_path/Frameworks",
				);
				MARKETING_VERSION = 1.0;
				PRODUCT_BUNDLE_IDENTIFIER = "ic-servis.com.Pushly-App";
				PRODUCT_NAME = "$(TARGET_NAME)";
				SWIFT_EMIT_LOC_STRINGS = YES;
				SWIFT_VERSION = 5.0;
				TARGETED_DEVICE_FAMILY = "1,2";
			};
			name = Debug;
		};
		EC0ADB742AF02D1700FE15D5 /* Release */ = {
			isa = XCBuildConfiguration;
			buildSettings = {
				ASSETCATALOG_COMPILER_APPICON_NAME = AppIcon;
				ASSETCATALOG_COMPILER_GLOBAL_ACCENT_COLOR_NAME = AccentColor;
				CODE_SIGN_STYLE = Automatic;
				CURRENT_PROJECT_VERSION = 2;
				DEVELOPMENT_ASSET_PATHS = "\"Pushly App/Preview Content\"";
				DEVELOPMENT_TEAM = PH3V9JYRDW;
				ENABLE_PREVIEWS = YES;
				GENERATE_INFOPLIST_FILE = YES;
				INFOPLIST_KEY_UIApplicationSceneManifest_Generation = YES;
				INFOPLIST_KEY_UIApplicationSupportsIndirectInputEvents = YES;
				INFOPLIST_KEY_UILaunchScreen_Generation = YES;
				INFOPLIST_KEY_UISupportedInterfaceOrientations_iPad = "UIInterfaceOrientationPortrait UIInterfaceOrientationPortraitUpsideDown UIInterfaceOrientationLandscapeLeft UIInterfaceOrientationLandscapeRight";
				INFOPLIST_KEY_UISupportedInterfaceOrientations_iPhone = "UIInterfaceOrientationPortrait UIInterfaceOrientationLandscapeLeft UIInterfaceOrientationLandscapeRight";
				LD_RUNPATH_SEARCH_PATHS = (
					"$(inherited)",
					"@executable_path/Frameworks",
				);
				MARKETING_VERSION = 1.0;
				PRODUCT_BUNDLE_IDENTIFIER = "ic-servis.com.Pushly-App";
				PRODUCT_NAME = "$(TARGET_NAME)";
				SWIFT_EMIT_LOC_STRINGS = YES;
				SWIFT_VERSION = 5.0;
				TARGETED_DEVICE_FAMILY = "1,2";
			};
			name = Release;
		};
		EC0ADB762AF02D1700FE15D5 /* Debug */ = {
			isa = XCBuildConfiguration;
			buildSettings = {
				ALWAYS_EMBED_SWIFT_STANDARD_LIBRARIES = YES;
				BUNDLE_LOADER = "$(TEST_HOST)";
				CODE_SIGN_STYLE = Automatic;
				CURRENT_PROJECT_VERSION = 1;
				DEVELOPMENT_TEAM = PH3V9JYRDW;
				GENERATE_INFOPLIST_FILE = YES;
				IPHONEOS_DEPLOYMENT_TARGET = 17.0;
				MARKETING_VERSION = 1.0;
				PRODUCT_BUNDLE_IDENTIFIER = "ic-servis.com.Pushly-AppTests";
				PRODUCT_NAME = "$(TARGET_NAME)";
				SWIFT_EMIT_LOC_STRINGS = NO;
				SWIFT_VERSION = 5.0;
				TARGETED_DEVICE_FAMILY = "1,2";
				TEST_HOST = "$(BUILT_PRODUCTS_DIR)/Pushly App.app/$(BUNDLE_EXECUTABLE_FOLDER_PATH)/Pushly App";
			};
			name = Debug;
		};
		EC0ADB772AF02D1700FE15D5 /* Release */ = {
			isa = XCBuildConfiguration;
			buildSettings = {
				ALWAYS_EMBED_SWIFT_STANDARD_LIBRARIES = YES;
				BUNDLE_LOADER = "$(TEST_HOST)";
				CODE_SIGN_STYLE = Automatic;
				CURRENT_PROJECT_VERSION = 1;
				DEVELOPMENT_TEAM = PH3V9JYRDW;
				GENERATE_INFOPLIST_FILE = YES;
				IPHONEOS_DEPLOYMENT_TARGET = 17.0;
				MARKETING_VERSION = 1.0;
				PRODUCT_BUNDLE_IDENTIFIER = "ic-servis.com.Pushly-AppTests";
				PRODUCT_NAME = "$(TARGET_NAME)";
				SWIFT_EMIT_LOC_STRINGS = NO;
				SWIFT_VERSION = 5.0;
				TARGETED_DEVICE_FAMILY = "1,2";
				TEST_HOST = "$(BUILT_PRODUCTS_DIR)/Pushly App.app/$(BUNDLE_EXECUTABLE_FOLDER_PATH)/Pushly App";
			};
			name = Release;
		};
		EC0ADB792AF02D1700FE15D5 /* Debug */ = {
			isa = XCBuildConfiguration;
			buildSettings = {
				ALWAYS_EMBED_SWIFT_STANDARD_LIBRARIES = YES;
				CODE_SIGN_STYLE = Automatic;
				CURRENT_PROJECT_VERSION = 1;
				DEVELOPMENT_TEAM = PH3V9JYRDW;
				GENERATE_INFOPLIST_FILE = YES;
				MARKETING_VERSION = 1.0;
				PRODUCT_BUNDLE_IDENTIFIER = "ic-servis.com.Pushly-AppUITests";
				PRODUCT_NAME = "$(TARGET_NAME)";
				SWIFT_EMIT_LOC_STRINGS = NO;
				SWIFT_VERSION = 5.0;
				TARGETED_DEVICE_FAMILY = "1,2";
				TEST_TARGET_NAME = "Pushly App";
			};
			name = Debug;
		};
		EC0ADB7A2AF02D1700FE15D5 /* Release */ = {
			isa = XCBuildConfiguration;
			buildSettings = {
				ALWAYS_EMBED_SWIFT_STANDARD_LIBRARIES = YES;
				CODE_SIGN_STYLE = Automatic;
				CURRENT_PROJECT_VERSION = 1;
				DEVELOPMENT_TEAM = PH3V9JYRDW;
				GENERATE_INFOPLIST_FILE = YES;
				MARKETING_VERSION = 1.0;
				PRODUCT_BUNDLE_IDENTIFIER = "ic-servis.com.Pushly-AppUITests";
				PRODUCT_NAME = "$(TARGET_NAME)";
				SWIFT_EMIT_LOC_STRINGS = NO;
				SWIFT_VERSION = 5.0;
				TARGETED_DEVICE_FAMILY = "1,2";
				TEST_TARGET_NAME = "Pushly App";
			};
			name = Release;
		};
/* End XCBuildConfiguration section */

/* Begin XCConfigurationList section */
		EC0ADB492AF02D1500FE15D5 /* Build configuration list for PBXProject "Pushly App" */ = {
			isa = XCConfigurationList;
			buildConfigurations = (
				EC0ADB702AF02D1700FE15D5 /* Debug */,
				EC0ADB712AF02D1700FE15D5 /* Release */,
			);
			defaultConfigurationIsVisible = 0;
			defaultConfigurationName = Release;
		};
		EC0ADB722AF02D1700FE15D5 /* Build configuration list for PBXNativeTarget "Pushly App" */ = {
			isa = XCConfigurationList;
			buildConfigurations = (
				EC0ADB732AF02D1700FE15D5 /* Debug */,
				EC0ADB742AF02D1700FE15D5 /* Release */,
			);
			defaultConfigurationIsVisible = 0;
			defaultConfigurationName = Release;
		};
		EC0ADB752AF02D1700FE15D5 /* Build configuration list for PBXNativeTarget "Pushly AppTests" */ = {
			isa = XCConfigurationList;
			buildConfigurations = (
				EC0ADB762AF02D1700FE15D5 /* Debug */,
				EC0ADB772AF02D1700FE15D5 /* Release */,
			);
			defaultConfigurationIsVisible = 0;
			defaultConfigurationName = Release;
		};
		EC0ADB782AF02D1700FE15D5 /* Build configuration list for PBXNativeTarget "Pushly AppUITests" */ = {
			isa = XCConfigurationList;
			buildConfigurations = (
				EC0ADB792AF02D1700FE15D5 /* Debug */,
				EC0ADB7A2AF02D1700FE15D5 /* Release */,
			);
			defaultConfigurationIsVisible = 0;
			defaultConfigurationName = Release;
		};
/* End XCConfigurationList section */
	};
	rootObject = EC0ADB462AF02D1500FE15D5 /* Project object */;
}
